
Microsoft Visual Studio Solution File, Format Version 12.00
# Visual Studio Version 17
VisualStudioVersion = 17.12.35527.113 d17.12
MinimumVisualStudioVersion = 10.0.40219.1
Project("{FAE04EC0-301F-11D3-BF4B-00C04F79EFBC}") = "Samet_Cakmak_PMTP", "Samet_Cakmak_PMTP\Samet_Cakmak_PMTP.csproj", "{050B2308-DE56-4B71-9567-1DA7DF86A83A}"
EndProject
Global
	GlobalSection(SolutionConfigurationPlatforms) = preSolution
		Debug|Any CPU = Debug|Any CPU
		Release|Any CPU = Release|Any CPU
	EndGlobalSection
	GlobalSection(ProjectConfigurationPlatforms) = postSolution
		{050B2308-DE56-4B71-9567-1DA7DF86A83A}.Debug|Any CPU.ActiveCfg = Debug|Any CPU
		{050B2308-DE56-4B71-9567-1DA7DF86A83A}.Debug|Any CPU.Build.0 = Debug|Any CPU
		{050B2308-DE56-4B71-9567-1DA7DF86A83A}.Release|Any CPU.ActiveCfg = Release|Any CPU
		{050B2308-DE56-4B71-9567-1DA7DF86A83A}.Release|Any CPU.Build.0 = Release|Any CPU
	EndGlobalSection
	GlobalSection(SolutionProperties) = preSolution
		HideSolutionNode = FALSE
	EndGlobalSection
EndGlobal
